
Microsoft Visual Studio Solution File, Format Version 12.00
# Visual Studio Version 16
VisualStudioVersion = 16.0.31112.23
MinimumVisualStudioVersion = 10.0.40219.1
Project("{9A19103F-16F7-4668-BE54-9A1E7A4F7556}") = "BlazorEmployeeClient.Server", "BlazorEmployeeClient\Server\BlazorEmployeeClient.Server.csproj", "{F91E2165-15D0-4F54-8378-15A036B15833}"
EndProject
Project("{9A19103F-16F7-4668-BE54-9A1E7A4F7556}") = "BlazorEmployeeClient.Client", "BlazorEmployeeClient\Client\BlazorEmployeeClient.Client.csproj", "{2B05D6C2-9621-40AE-81BA-4364E45354FA}"
EndProject
Project("{9A19103F-16F7-4668-BE54-9A1E7A4F7556}") = "BlazorEmployeeClient.Shared", "BlazorEmployeeClient\Shared\BlazorEmployeeClient.Shared.csproj", "{848B72B5-4E8D-4E25-836B-C0588F8A7DDA}"
EndProject
Global
	GlobalSection(SolutionConfigurationPlatforms) = preSolution
		Debug|Any CPU = Debug|Any CPU
		Release|Any CPU = Release|Any CPU
	EndGlobalSection
	GlobalSection(ProjectConfigurationPlatforms) = postSolution
		{F91E2165-15D0-4F54-8378-15A036B15833}.Debug|Any CPU.ActiveCfg = Debug|Any CPU
		{F91E2165-15D0-4F54-8378-15A036B15833}.Debug|Any CPU.Build.0 = Debug|Any CPU
		{F91E2165-15D0-4F54-8378-15A036B15833}.Release|Any CPU.ActiveCfg = Release|Any CPU
		{F91E2165-15D0-4F54-8378-15A036B15833}.Release|Any CPU.Build.0 = Release|Any CPU
		{2B05D6C2-9621-40AE-81BA-4364E45354FA}.Debug|Any CPU.ActiveCfg = Debug|Any CPU
		{2B05D6C2-9621-40AE-81BA-4364E45354FA}.Debug|Any CPU.Build.0 = Debug|Any CPU
		{2B05D6C2-9621-40AE-81BA-4364E45354FA}.Release|Any CPU.ActiveCfg = Release|Any CPU
		{2B05D6C2-9621-40AE-81BA-4364E45354FA}.Release|Any CPU.Build.0 = Release|Any CPU
		{848B72B5-4E8D-4E25-836B-C0588F8A7DDA}.Debug|Any CPU.ActiveCfg = Debug|Any CPU
		{848B72B5-4E8D-4E25-836B-C0588F8A7DDA}.Debug|Any CPU.Build.0 = Debug|Any CPU
		{848B72B5-4E8D-4E25-836B-C0588F8A7DDA}.Release|Any CPU.ActiveCfg = Release|Any CPU
		{848B72B5-4E8D-4E25-836B-C0588F8A7DDA}.Release|Any CPU.Build.0 = Release|Any CPU
	EndGlobalSection
	GlobalSection(SolutionProperties) = preSolution
		HideSolutionNode = FALSE
	EndGlobalSection
	GlobalSection(ExtensibilityGlobals) = postSolution
		SolutionGuid = {270FC980-132D-4114-A1C3-AE035EC44147}
	EndGlobalSection
EndGlobal
